// !$*UTF8*$!
{
	archiveVersion = 1;
	classes = {
	};
	objectVersion = 56;
	objects = {

/* Begin PBXBuildFile section */
		F78692712944A7CB0063A717 /* GametopiaApp.swift in Sources */ = {isa = PBXBuildFile; fileRef = F78692702944A7CB0063A717 /* GametopiaApp.swift */; };
		F78692732944A7CB0063A717 /* ContentView.swift in Sources */ = {isa = PBXBuildFile; fileRef = F78692722944A7CB0063A717 /* ContentView.swift */; };
		F78692752944A7CD0063A717 /* Assets.xcassets in Resources */ = {isa = PBXBuildFile; fileRef = F78692742944A7CD0063A717 /* Assets.xcassets */; };
		F78692782944A7CD0063A717 /* Preview Assets.xcassets in Resources */ = {isa = PBXBuildFile; fileRef = F78692772944A7CD0063A717 /* Preview Assets.xcassets */; };
		F78692822944A7CD0063A717 /* GametopiaTests.swift in Sources */ = {isa = PBXBuildFile; fileRef = F78692812944A7CD0063A717 /* GametopiaTests.swift */; };
		F786928C2944A7CD0063A717 /* GametopiaUITests.swift in Sources */ = {isa = PBXBuildFile; fileRef = F786928B2944A7CD0063A717 /* GametopiaUITests.swift */; };
		F786928E2944A7CD0063A717 /* GametopiaUITestsLaunchTests.swift in Sources */ = {isa = PBXBuildFile; fileRef = F786928D2944A7CD0063A717 /* GametopiaUITestsLaunchTests.swift */; };
/* End PBXBuildFile section */

/* Begin PBXContainerItemProxy section */
		F786927E2944A7CD0063A717 /* PBXContainerItemProxy */ = {
			isa = PBXContainerItemProxy;
			containerPortal = F78692652944A7CB0063A717 /* Project object */;
			proxyType = 1;
			remoteGlobalIDString = F786926C2944A7CB0063A717;
			remoteInfo = Gametopia;
		};
		F78692882944A7CD0063A717 /* PBXContainerItemProxy */ = {
			isa = PBXContainerItemProxy;
			containerPortal = F78692652944A7CB0063A717 /* Project object */;
			proxyType = 1;
			remoteGlobalIDString = F786926C2944A7CB0063A717;
			remoteInfo = Gametopia;
		};
/* End PBXContainerItemProxy section */

/* Begin PBXFileReference section */
		F786926D2944A7CB0063A717 /* Gametopia.app */ = {isa = PBXFileReference; explicitFileType = wrapper.application; includeInIndex = 0; path = Gametopia.app; sourceTree = BUILT_PRODUCTS_DIR; };
		F78692702944A7CB0063A717 /* GametopiaApp.swift */ = {isa = PBXFileReference; lastKnownFileType = sourcecode.swift; path = GametopiaApp.swift; sourceTree = "<group>"; };
		F78692722944A7CB0063A717 /* ContentView.swift */ = {isa = PBXFileReference; lastKnownFileType = sourcecode.swift; path = ContentView.swift; sourceTree = "<group>"; };
		F78692742944A7CD0063A717 /* Assets.xcassets */ = {isa = PBXFileReference; lastKnownFileType = folder.assetcatalog; path = Assets.xcassets; sourceTree = "<group>"; };
		F78692772944A7CD0063A717 /* Preview Assets.xcassets */ = {isa = PBXFileReference; lastKnownFileType = folder.assetcatalog; path = "Preview Assets.xcassets"; sourceTree = "<group>"; };
		F786927D2944A7CD0063A717 /* GametopiaTests.xctest */ = {isa = PBXFileReference; explicitFileType = wrapper.cfbundle; includeInIndex = 0; path = GametopiaTests.xctest; sourceTree = BUILT_PRODUCTS_DIR; };
		F78692812944A7CD0063A717 /* GametopiaTests.swift */ = {isa = PBXFileReference; lastKnownFileType = sourcecode.swift; path = GametopiaTests.swift; sourceTree = "<group>"; };
		F78692872944A7CD0063A717 /* GametopiaUITests.xctest */ = {isa = PBXFileReference; explicitFileType = wrapper.cfbundle; includeInIndex = 0; path = GametopiaUITests.xctest; sourceTree = BUILT_PRODUCTS_DIR; };
		F786928B2944A7CD0063A717 /* GametopiaUITests.swift */ = {isa = PBXFileReference; lastKnownFileType = sourcecode.swift; path = GametopiaUITests.swift; sourceTree = "<group>"; };
		F786928D2944A7CD0063A717 /* GametopiaUITestsLaunchTests.swift */ = {isa = PBXFileReference; lastKnownFileType = sourcecode.swift; path = GametopiaUITestsLaunchTests.swift; sourceTree = "<group>"; };
/* End PBXFileReference section */

/* Begin PBXFrameworksBuildPhase section */
		F786926A2944A7CB0063A717 /* Frameworks */ = {
			isa = PBXFrameworksBuildPhase;
			buildActionMask = 2147483647;
			files = (
			);
			runOnlyForDeploymentPostprocessing = 0;
		};
		F786927A2944A7CD0063A717 /* Frameworks */ = {
			isa = PBXFrameworksBuildPhase;
			buildActionMask = 2147483647;
			files = (
			);
			runOnlyForDeploymentPostprocessing = 0;
		};
		F78692842944A7CD0063A717 /* Frameworks */ = {
			isa = PBXFrameworksBuildPhase;
			buildActionMask = 2147483647;
			files = (
			);
			runOnlyForDeploymentPostprocessing = 0;
		};
/* End PBXFrameworksBuildPhase section */

/* Begin PBXGroup section */
		F78692642944A7CB0063A717 = {
			isa = PBXGroup;
			children = (
				F786926F2944A7CB0063A717 /* Gametopia */,
				F78692802944A7CD0063A717 /* GametopiaTests */,
				F786928A2944A7CD0063A717 /* GametopiaUITests */,
				F786926E2944A7CB0063A717 /* Products */,
			);
			sourceTree = "<group>";
		};
		F786926E2944A7CB0063A717 /* Products */ = {
			isa = PBXGroup;
			children = (
				F786926D2944A7CB0063A717 /* Gametopia.app */,
				F786927D2944A7CD0063A717 /* GametopiaTests.xctest */,
				F78692872944A7CD0063A717 /* GametopiaUITests.xctest */,
			);
			name = Products;
			sourceTree = "<group>";
		};
		F786926F2944A7CB0063A717 /* Gametopia */ = {
			isa = PBXGroup;
			children = (
				F78692702944A7CB0063A717 /* GametopiaApp.swift */,
				F78692722944A7CB0063A717 /* ContentView.swift */,
				F78692742944A7CD0063A717 /* Assets.xcassets */,
				F78692762944A7CD0063A717 /* Preview Content */,
			);
			path = Gametopia;
			sourceTree = "<group>";
		};
		F78692762944A7CD0063A717 /* Preview Content */ = {
			isa = PBXGroup;
			children = (
				F78692772944A7CD0063A717 /* Preview Assets.xcassets */,
			);
			path = "Preview Content";
			sourceTree = "<group>";
		};
		F78692802944A7CD0063A717 /* GametopiaTests */ = {
			isa = PBXGroup;
			children = (
				F78692812944A7CD0063A717 /* GametopiaTests.swift */,
			);
			path = GametopiaTests;
			sourceTree = "<group>";
		};
		F786928A2944A7CD0063A717 /* GametopiaUITests */ = {
			isa = PBXGroup;
			children = (
				F786928B2944A7CD0063A717 /* GametopiaUITests.swift */,
				F786928D2944A7CD0063A717 /* GametopiaUITestsLaunchTests.swift */,
			);
			path = GametopiaUITests;
			sourceTree = "<group>";
		};
/* End PBXGroup section */

/* Begin PBXNativeTarget section */
		F786926C2944A7CB0063A717 /* Gametopia */ = {
			isa = PBXNativeTarget;
			buildConfigurationList = F78692912944A7CD0063A717 /* Build configuration list for PBXNativeTarget "Gametopia" */;
			buildPhases = (
				F78692692944A7CB0063A717 /* Sources */,
				F786926A2944A7CB0063A717 /* Frameworks */,
				F786926B2944A7CB0063A717 /* Resources */,
			);
			buildRules = (
			);
			dependencies = (
			);
			name = Gametopia;
			productName = Gametopia;
			productReference = F786926D2944A7CB0063A717 /* Gametopia.app */;
			productType = "com.apple.product-type.application";
		};
		F786927C2944A7CD0063A717 /* GametopiaTests */ = {
			isa = PBXNativeTarget;
			buildConfigurationList = F78692942944A7CD0063A717 /* Build configuration list for PBXNativeTarget "GametopiaTests" */;
			buildPhases = (
				F78692792944A7CD0063A717 /* Sources */,
				F786927A2944A7CD0063A717 /* Frameworks */,
				F786927B2944A7CD0063A717 /* Resources */,
			);
			buildRules = (
			);
			dependencies = (
				F786927F2944A7CD0063A717 /* PBXTargetDependency */,
			);
			name = GametopiaTests;
			productName = GametopiaTests;
			productReference = F786927D2944A7CD0063A717 /* GametopiaTests.xctest */;
			productType = "com.apple.product-type.bundle.unit-test";
		};
		F78692862944A7CD0063A717 /* GametopiaUITests */ = {
			isa = PBXNativeTarget;
			buildConfigurationList = F78692972944A7CD0063A717 /* Build configuration list for PBXNativeTarget "GametopiaUITests" */;
			buildPhases = (
				F78692832944A7CD0063A717 /* Sources */,
				F78692842944A7CD0063A717 /* Frameworks */,
				F78692852944A7CD0063A717 /* Resources */,
			);
			buildRules = (
			);
			dependencies = (
				F78692892944A7CD0063A717 /* PBXTargetDependency */,
			);
			name = GametopiaUITests;
			productName = GametopiaUITests;
			productReference = F78692872944A7CD0063A717 /* GametopiaUITests.xctest */;
			productType = "com.apple.product-type.bundle.ui-testing";
		};
/* End PBXNativeTarget section */

/* Begin PBXProject section */
		F78692652944A7CB0063A717 /* Project object */ = {
			isa = PBXProject;
			attributes = {
				BuildIndependentTargetsInParallel = 1;
				LastSwiftUpdateCheck = 1410;
				LastUpgradeCheck = 1410;
				TargetAttributes = {
					F786926C2944A7CB0063A717 = {
						CreatedOnToolsVersion = 14.1;
					};
					F786927C2944A7CD0063A717 = {
						CreatedOnToolsVersion = 14.1;
						TestTargetID = F786926C2944A7CB0063A717;
					};
					F78692862944A7CD0063A717 = {
						CreatedOnToolsVersion = 14.1;
						TestTargetID = F786926C2944A7CB0063A717;
					};
				};
			};
			buildConfigurationList = F78692682944A7CB0063A717 /* Build configuration list for PBXProject "Gametopia" */;
			compatibilityVersion = "Xcode 14.0";
			developmentRegion = en;
			hasScannedForEncodings = 0;
			knownRegions = (
				en,
				Base,
			);
			mainGroup = F78692642944A7CB0063A717;
			productRefGroup = F786926E2944A7CB0063A717 /* Products */;
			projectDirPath = "";
			projectRoot = "";
			targets = (
				F786926C2944A7CB0063A717 /* Gametopia */,
				F786927C2944A7CD0063A717 /* GametopiaTests */,
				F78692862944A7CD0063A717 /* GametopiaUITests */,
			);
		};
/* End PBXProject section */

/* Begin PBXResourcesBuildPhase section */
		F786926B2944A7CB0063A717 /* Resources */ = {
			isa = PBXResourcesBuildPhase;
			buildActionMask = 2147483647;
			files = (
				F78692782944A7CD0063A717 /* Preview Assets.xcassets in Resources */,
				F78692752944A7CD0063A717 /* Assets.xcassets in Resources */,
			);
			runOnlyForDeploymentPostprocessing = 0;
		};
		F786927B2944A7CD0063A717 /* Resources */ = {
			isa = PBXResourcesBuildPhase;
			buildActionMask = 2147483647;
			files = (
			);
			runOnlyForDeploymentPostprocessing = 0;
		};
		F78692852944A7CD0063A717 /* Resources */ = {
			isa = PBXResourcesBuildPhase;
			buildActionMask = 2147483647;
			files = (
			);
			runOnlyForDeploymentPostprocessing = 0;
		};
/* End PBXResourcesBuildPhase section */

/* Begin PBXSourcesBuildPhase section */
		F78692692944A7CB0063A717 /* Sources */ = {
			isa = PBXSourcesBuildPhase;
			buildActionMask = 2147483647;
			files = (
				F78692732944A7CB0063A717 /* ContentView.swift in Sources */,
				F78692712944A7CB0063A717 /* GametopiaApp.swift in Sources */,
			);
			runOnlyForDeploymentPostprocessing = 0;
		};
		F78692792944A7CD0063A717 /* Sources */ = {
			isa = PBXSourcesBuildPhase;
			buildActionMask = 2147483647;
			files = (
				F78692822944A7CD0063A717 /* GametopiaTests.swift in Sources */,
			);
			runOnlyForDeploymentPostprocessing = 0;
		};
		F78692832944A7CD0063A717 /* Sources */ = {
			isa = PBXSourcesBuildPhase;
			buildActionMask = 2147483647;
			files = (
				F786928E2944A7CD0063A717 /* GametopiaUITestsLaunchTests.swift in Sources */,
				F786928C2944A7CD0063A717 /* GametopiaUITests.swift in Sources */,
			);
			runOnlyForDeploymentPostprocessing = 0;
		};
/* End PBXSourcesBuildPhase section */

/* Begin PBXTargetDependency section */
		F786927F2944A7CD0063A717 /* PBXTargetDependency */ = {
			isa = PBXTargetDependency;
			target = F786926C2944A7CB0063A717 /* Gametopia */;
			targetProxy = F786927E2944A7CD0063A717 /* PBXContainerItemProxy */;
		};
		F78692892944A7CD0063A717 /* PBXTargetDependency */ = {
			isa = PBXTargetDependency;
			target = F786926C2944A7CB0063A717 /* Gametopia */;
			targetProxy = F78692882944A7CD0063A717 /* PBXContainerItemProxy */;
		};
/* End PBXTargetDependency section */

/* Begin XCBuildConfiguration section */
		F786928F2944A7CD0063A717 /* Debug */ = {
			isa = XCBuildConfiguration;
			buildSettings = {
				ALWAYS_SEARCH_USER_PATHS = NO;
				CLANG_ANALYZER_NONNULL = YES;
				CLANG_ANALYZER_NUMBER_OBJECT_CONVERSION = YES_AGGRESSIVE;
				CLANG_CXX_LANGUAGE_STANDARD = "gnu++20";
				CLANG_ENABLE_MODULES = YES;
				CLANG_ENABLE_OBJC_ARC = YES;
				CLANG_ENABLE_OBJC_WEAK = YES;
				CLANG_WARN_BLOCK_CAPTURE_AUTORELEASING = YES;
				CLANG_WARN_BOOL_CONVERSION = YES;
				CLANG_WARN_COMMA = YES;
				CLANG_WARN_CONSTANT_CONVERSION = YES;
				CLANG_WARN_DEPRECATED_OBJC_IMPLEMENTATIONS = YES;
				CLANG_WARN_DIRECT_OBJC_ISA_USAGE = YES_ERROR;
				CLANG_WARN_DOCUMENTATION_COMMENTS = YES;
				CLANG_WARN_EMPTY_BODY = YES;
				CLANG_WARN_ENUM_CONVERSION = YES;
				CLANG_WARN_INFINITE_RECURSION = YES;
				CLANG_WARN_INT_CONVERSION = YES;
				CLANG_WARN_NON_LITERAL_NULL_CONVERSION = YES;
				CLANG_WARN_OBJC_IMPLICIT_RETAIN_SELF = YES;
				CLANG_WARN_OBJC_LITERAL_CONVERSION = YES;
				CLANG_WARN_OBJC_ROOT_CLASS = YES_ERROR;
				CLANG_WARN_QUOTED_INCLUDE_IN_FRAMEWORK_HEADER = YES;
				CLANG_WARN_RANGE_LOOP_ANALYSIS = YES;
				CLANG_WARN_STRICT_PROTOTYPES = YES;
				CLANG_WARN_SUSPICIOUS_MOVE = YES;
				CLANG_WARN_UNGUARDED_AVAILABILITY = YES_AGGRESSIVE;
				CLANG_WARN_UNREACHABLE_CODE = YES;
				CLANG_WARN__DUPLICATE_METHOD_MATCH = YES;
				COPY_PHASE_STRIP = NO;
				DEBUG_INFORMATION_FORMAT = dwarf;
				ENABLE_STRICT_OBJC_MSGSEND = YES;
				ENABLE_TESTABILITY = YES;
				GCC_C_LANGUAGE_STANDARD = gnu11;
				GCC_DYNAMIC_NO_PIC = NO;
				GCC_NO_COMMON_BLOCKS = YES;
				GCC_OPTIMIZATION_LEVEL = 0;
				GCC_PREPROCESSOR_DEFINITIONS = (
					"DEBUG=1",
					"$(inherited)",
				);
				GCC_WARN_64_TO_32_BIT_CONVERSION = YES;
				GCC_WARN_ABOUT_RETURN_TYPE = YES_ERROR;
				GCC_WARN_UNDECLARED_SELECTOR = YES;
				GCC_WARN_UNINITIALIZED_AUTOS = YES_AGGRESSIVE;
				GCC_WARN_UNUSED_FUNCTION = YES;
				GCC_WARN_UNUSED_VARIABLE = YES;
				IPHONEOS_DEPLOYMENT_TARGET = 16.1;
				MTL_ENABLE_DEBUG_INFO = INCLUDE_SOURCE;
				MTL_FAST_MATH = YES;
				ONLY_ACTIVE_ARCH = YES;
				SDKROOT = iphoneos;
				SWIFT_ACTIVE_COMPILATION_CONDITIONS = DEBUG;
				SWIFT_OPTIMIZATION_LEVEL = "-Onone";
			};
			name = Debug;
		};
		F78692902944A7CD0063A717 /* Release */ = {
			isa = XCBuildConfiguration;
			buildSettings = {
				ALWAYS_SEARCH_USER_PATHS = NO;
				CLANG_ANALYZER_NONNULL = YES;
				CLANG_ANALYZER_NUMBER_OBJECT_CONVERSION = YES_AGGRESSIVE;
				CLANG_CXX_LANGUAGE_STANDARD = "gnu++20";
				CLANG_ENABLE_MODULES = YES;
				CLANG_ENABLE_OBJC_ARC = YES;
				CLANG_ENABLE_OBJC_WEAK = YES;
				CLANG_WARN_BLOCK_CAPTURE_AUTORELEASING = YES;
				CLANG_WARN_BOOL_CONVERSION = YES;
				CLANG_WARN_COMMA = YES;
				CLANG_WARN_CONSTANT_CONVERSION = YES;
				CLANG_WARN_DEPRECATED_OBJC_IMPLEMENTATIONS = YES;
				CLANG_WARN_DIRECT_OBJC_ISA_USAGE = YES_ERROR;
				CLANG_WARN_DOCUMENTATION_COMMENTS = YES;
				CLANG_WARN_EMPTY_BODY = YES;
				CLANG_WARN_ENUM_CONVERSION = YES;
				CLANG_WARN_INFINITE_RECURSION = YES;
				CLANG_WARN_INT_CONVERSION = YES;
				CLANG_WARN_NON_LITERAL_NULL_CONVERSION = YES;
				CLANG_WARN_OBJC_IMPLICIT_RETAIN_SELF = YES;
				CLANG_WARN_OBJC_LITERAL_CONVERSION = YES;
				CLANG_WARN_OBJC_ROOT_CLASS = YES_ERROR;
				CLANG_WARN_QUOTED_INCLUDE_IN_FRAMEWORK_HEADER = YES;
				CLANG_WARN_RANGE_LOOP_ANALYSIS = YES;
				CLANG_WARN_STRICT_PROTOTYPES = YES;
				CLANG_WARN_SUSPICIOUS_MOVE = YES;
				CLANG_WARN_UNGUARDED_AVAILABILITY = YES_AGGRESSIVE;
				CLANG_WARN_UNREACHABLE_CODE = YES;
				CLANG_WARN__DUPLICATE_METHOD_MATCH = YES;
				COPY_PHASE_STRIP = NO;
				DEBUG_INFORMATION_FORMAT = "dwarf-with-dsym";
				ENABLE_NS_ASSERTIONS = NO;
				ENABLE_STRICT_OBJC_MSGSEND = YES;
				GCC_C_LANGUAGE_STANDARD = gnu11;
				GCC_NO_COMMON_BLOCKS = YES;
				GCC_WARN_64_TO_32_BIT_CONVERSION = YES;
				GCC_WARN_ABOUT_RETURN_TYPE = YES_ERROR;
				GCC_WARN_UNDECLARED_SELECTOR = YES;
				GCC_WARN_UNINITIALIZED_AUTOS = YES_AGGRESSIVE;
				GCC_WARN_UNUSED_FUNCTION = YES;
				GCC_WARN_UNUSED_VARIABLE = YES;
				IPHONEOS_DEPLOYMENT_TARGET = 16.1;
				MTL_ENABLE_DEBUG_INFO = NO;
				MTL_FAST_MATH = YES;
				SDKROOT = iphoneos;
				SWIFT_COMPILATION_MODE = wholemodule;
				SWIFT_OPTIMIZATION_LEVEL = "-O";
				VALIDATE_PRODUCT = YES;
			};
			name = Release;
		};
		F78692922944A7CD0063A717 /* Debug */ = {
			isa = XCBuildConfiguration;
			buildSettings = {
				ASSETCATALOG_COMPILER_APPICON_NAME = AppIcon;
				ASSETCATALOG_COMPILER_GLOBAL_ACCENT_COLOR_NAME = AccentColor;
				CODE_SIGN_STYLE = Automatic;
				CURRENT_PROJECT_VERSION = 1;
				DEVELOPMENT_ASSET_PATHS = "\"Gametopia/Preview Content\"";
				DEVELOPMENT_TEAM = RDA574N926;
				ENABLE_PREVIEWS = YES;
				GENERATE_INFOPLIST_FILE = YES;
				INFOPLIST_KEY_UIApplicationSceneManifest_Generation = YES;
				INFOPLIST_KEY_UIApplicationSupportsIndirectInputEvents = YES;
				INFOPLIST_KEY_UILaunchScreen_Generation = YES;
				INFOPLIST_KEY_UISupportedInterfaceOrientations_iPad = "UIInterfaceOrientationPortrait UIInterfaceOrientationPortraitUpsideDown UIInterfaceOrientationLandscapeLeft UIInterfaceOrientationLandscapeRight";
				INFOPLIST_KEY_UISupportedInterfaceOrientations_iPhone = "UIInterfaceOrientationPortrait UIInterfaceOrientationLandscapeLeft UIInterfaceOrientationLandscapeRight";
				LD_RUNPATH_SEARCH_PATHS = (
					"$(inherited)",
					"@executable_path/Frameworks",
				);
				MARKETING_VERSION = 1.0;
				PRODUCT_BUNDLE_IDENTIFIER = com.patriciafiona.Gametopia;
				PRODUCT_NAME = "$(TARGET_NAME)";
				SWIFT_EMIT_LOC_STRINGS = YES;
				SWIFT_VERSION = 5.0;
				TARGETED_DEVICE_FAMILY = "1,2";
			};
			name = Debug;
		};
		F78692932944A7CD0063A717 /* Release */ = {
			isa = XCBuildConfiguration;
			buildSettings = {
				ASSETCATALOG_COMPILER_APPICON_NAME = AppIcon;
				ASSETCATALOG_COMPILER_GLOBAL_ACCENT_COLOR_NAME = AccentColor;
				CODE_SIGN_STYLE = Automatic;
				CURRENT_PROJECT_VERSION = 1;
				DEVELOPMENT_ASSET_PATHS = "\"Gametopia/Preview Content\"";
				DEVELOPMENT_TEAM = RDA574N926;
				ENABLE_PREVIEWS = YES;
				GENERATE_INFOPLIST_FILE = YES;
				INFOPLIST_KEY_UIApplicationSceneManifest_Generation = YES;
				INFOPLIST_KEY_UIApplicationSupportsIndirectInputEvents = YES;
				INFOPLIST_KEY_UILaunchScreen_Generation = YES;
				INFOPLIST_KEY_UISupportedInterfaceOrientations_iPad = "UIInterfaceOrientationPortrait UIInterfaceOrientationPortraitUpsideDown UIInterfaceOrientationLandscapeLeft UIInterfaceOrientationLandscapeRight";
				INFOPLIST_KEY_UISupportedInterfaceOrientations_iPhone = "UIInterfaceOrientationPortrait UIInterfaceOrientationLandscapeLeft UIInterfaceOrientationLandscapeRight";
				LD_RUNPATH_SEARCH_PATHS = (
					"$(inherited)",
					"@executable_path/Frameworks",
				);
				MARKETING_VERSION = 1.0;
				PRODUCT_BUNDLE_IDENTIFIER = com.patriciafiona.Gametopia;
				PRODUCT_NAME = "$(TARGET_NAME)";
				SWIFT_EMIT_LOC_STRINGS = YES;
				SWIFT_VERSION = 5.0;
				TARGETED_DEVICE_FAMILY = "1,2";
			};
			name = Release;
		};
		F78692952944A7CD0063A717 /* Debug */ = {
			isa = XCBuildConfiguration;
			buildSettings = {
				ALWAYS_EMBED_SWIFT_STANDARD_LIBRARIES = YES;
				BUNDLE_LOADER = "$(TEST_HOST)";
				CODE_SIGN_STYLE = Automatic;
				CURRENT_PROJECT_VERSION = 1;
				DEVELOPMENT_TEAM = RDA574N926;
				GENERATE_INFOPLIST_FILE = YES;
				IPHONEOS_DEPLOYMENT_TARGET = 16.1;
				MARKETING_VERSION = 1.0;
				PRODUCT_BUNDLE_IDENTIFIER = com.patriciafiona.GametopiaTests;
				PRODUCT_NAME = "$(TARGET_NAME)";
				SWIFT_EMIT_LOC_STRINGS = NO;
				SWIFT_VERSION = 5.0;
				TARGETED_DEVICE_FAMILY = "1,2";
				TEST_HOST = "$(BUILT_PRODUCTS_DIR)/Gametopia.app/$(BUNDLE_EXECUTABLE_FOLDER_PATH)/Gametopia";
			};
			name = Debug;
		};
		F78692962944A7CD0063A717 /* Release */ = {
			isa = XCBuildConfiguration;
			buildSettings = {
				ALWAYS_EMBED_SWIFT_STANDARD_LIBRARIES = YES;
				BUNDLE_LOADER = "$(TEST_HOST)";
				CODE_SIGN_STYLE = Automatic;
				CURRENT_PROJECT_VERSION = 1;
				DEVELOPMENT_TEAM = RDA574N926;
				GENERATE_INFOPLIST_FILE = YES;
				IPHONEOS_DEPLOYMENT_TARGET = 16.1;
				MARKETING_VERSION = 1.0;
				PRODUCT_BUNDLE_IDENTIFIER = com.patriciafiona.GametopiaTests;
				PRODUCT_NAME = "$(TARGET_NAME)";
				SWIFT_EMIT_LOC_STRINGS = NO;
				SWIFT_VERSION = 5.0;
				TARGETED_DEVICE_FAMILY = "1,2";
				TEST_HOST = "$(BUILT_PRODUCTS_DIR)/Gametopia.app/$(BUNDLE_EXECUTABLE_FOLDER_PATH)/Gametopia";
			};
			name = Release;
		};
		F78692982944A7CD0063A717 /* Debug */ = {
			isa = XCBuildConfiguration;
			buildSettings = {
				ALWAYS_EMBED_SWIFT_STANDARD_LIBRARIES = YES;
				CODE_SIGN_STYLE = Automatic;
				CURRENT_PROJECT_VERSION = 1;
				DEVELOPMENT_TEAM = RDA574N926;
				GENERATE_INFOPLIST_FILE = YES;
				MARKETING_VERSION = 1.0;
				PRODUCT_BUNDLE_IDENTIFIER = com.patriciafiona.GametopiaUITests;
				PRODUCT_NAME = "$(TARGET_NAME)";
				SWIFT_EMIT_LOC_STRINGS = NO;
				SWIFT_VERSION = 5.0;
				TARGETED_DEVICE_FAMILY = "1,2";
				TEST_TARGET_NAME = Gametopia;
			};
			name = Debug;
		};
		F78692992944A7CD0063A717 /* Release */ = {
			isa = XCBuildConfiguration;
			buildSettings = {
				ALWAYS_EMBED_SWIFT_STANDARD_LIBRARIES = YES;
				CODE_SIGN_STYLE = Automatic;
				CURRENT_PROJECT_VERSION = 1;
				DEVELOPMENT_TEAM = RDA574N926;
				GENERATE_INFOPLIST_FILE = YES;
				MARKETING_VERSION = 1.0;
				PRODUCT_BUNDLE_IDENTIFIER = com.patriciafiona.GametopiaUITests;
				PRODUCT_NAME = "$(TARGET_NAME)";
				SWIFT_EMIT_LOC_STRINGS = NO;
				SWIFT_VERSION = 5.0;
				TARGETED_DEVICE_FAMILY = "1,2";
				TEST_TARGET_NAME = Gametopia;
			};
			name = Release;
		};
/* End XCBuildConfiguration section */

/* Begin XCConfigurationList section */
		F78692682944A7CB0063A717 /* Build configuration list for PBXProject "Gametopia" */ = {
			isa = XCConfigurationList;
			buildConfigurations = (
				F786928F2944A7CD0063A717 /* Debug */,
				F78692902944A7CD0063A717 /* Release */,
			);
			defaultConfigurationIsVisible = 0;
			defaultConfigurationName = Release;
		};
		F78692912944A7CD0063A717 /* Build configuration list for PBXNativeTarget "Gametopia" */ = {
			isa = XCConfigurationList;
			buildConfigurations = (
				F78692922944A7CD0063A717 /* Debug */,
				F78692932944A7CD0063A717 /* Release */,
			);
			defaultConfigurationIsVisible = 0;
			defaultConfigurationName = Release;
		};
		F78692942944A7CD0063A717 /* Build configuration list for PBXNativeTarget "GametopiaTests" */ = {
			isa = XCConfigurationList;
			buildConfigurations = (
				F78692952944A7CD0063A717 /* Debug */,
				F78692962944A7CD0063A717 /* Release */,
			);
			defaultConfigurationIsVisible = 0;
			defaultConfigurationName = Release;
		};
		F78692972944A7CD0063A717 /* Build configuration list for PBXNativeTarget "GametopiaUITests" */ = {
			isa = XCConfigurationList;
			buildConfigurations = (
				F78692982944A7CD0063A717 /* Debug */,
				F78692992944A7CD0063A717 /* Release */,
			);
			defaultConfigurationIsVisible = 0;
			defaultConfigurationName = Release;
		};
/* End XCConfigurationList section */
	};
	rootObject = F78692652944A7CB0063A717 /* Project object */;
}
