PODS:
  - Alamofire (5.6.4)
  - Kingfisher (7.4.1)
  - lottie-ios (4.0.1)
  - Realm (10.33.0):
    - Realm/Headers (= 10.33.0)
  - Realm/Headers (10.33.0)
  - RealmSwift (10.33.0):
    - Realm (= 10.33.0)
  - SkeletonUI (1.0.9)
  - SwiftyJSON (5.0.1)

DEPENDENCIES:
  - Alamofire
  - Kingfisher (~> 7.0)
  - lottie-ios
  - Realm
  - RealmSwift
  - SkeletonUI
  - SwiftyJSON

SPEC REPOS:
  trunk:
    - Alamofire
    - Kingfisher
    - lottie-ios
    - Realm
    - RealmSwift
    - SkeletonUI
    - SwiftyJSON

SPEC CHECKSUMS:
  Alamofire: 4e95d97098eacb88856099c4fc79b526a299e48c
  Kingfisher: cd762a593a61b2fbecf7645c00f9a801a3ebfc9c
  lottie-ios: 54d22edf55b839f0929cabbfe609c9aa548b1145
  Realm: d4f810e161fa2c2c589b9860b6eb09238deacd73
  RealmSwift: cef9946f09f2333a8f2ac8bac4f8de52fb9f5ac3
  SkeletonUI: b5c868e6917123e3d442d6cef9c71fe048175f3b
  SwiftyJSON: 2f33a42c6fbc52764d96f13368585094bfd8aa5e

PODFILE CHECKSUM: 71fe83560d3b25e9a601ab69792900fba1dac2ba

COCOAPODS: 1.11.3
